
Microsoft Visual Studio Solution File, Format Version 12.00
# Visual Studio Version 17
VisualStudioVersion = 17.7.34003.232
MinimumVisualStudioVersion = 10.0.40219.1
Project("{FAE04EC0-301F-11D3-BF4B-00C04F79EFBC}") = "Classes", "Classes\Classes.csproj", "{FF7592C5-9E11-41C0-A34A-E40E3062F1C5}"
EndProject
Global
	GlobalSection(SolutionConfigurationPlatforms) = preSolution
		Debug|Any CPU = Debug|Any CPU
		Release|Any CPU = Release|Any CPU
	EndGlobalSection
	GlobalSection(ProjectConfigurationPlatforms) = postSolution
		{FF7592C5-9E11-41C0-A34A-E40E3062F1C5}.Debug|Any CPU.ActiveCfg = Debug|Any CPU
		{FF7592C5-9E11-41C0-A34A-E40E3062F1C5}.Debug|Any CPU.Build.0 = Debug|Any CPU
		{FF7592C5-9E11-41C0-A34A-E40E3062F1C5}.Release|Any CPU.ActiveCfg = Release|Any CPU
		{FF7592C5-9E11-41C0-A34A-E40E3062F1C5}.Release|Any CPU.Build.0 = Release|Any CPU
	EndGlobalSection
	GlobalSection(SolutionProperties) = preSolution
		HideSolutionNode = FALSE
	EndGlobalSection
	GlobalSection(ExtensibilityGlobals) = postSolution
		SolutionGuid = {F3D188F5-EDC5-47EC-B5F6-5C40049F4F9B}
	EndGlobalSection
EndGlobal
